
Microsoft Visual Studio Solution File, Format Version 12.00
# Visual Studio 15
VisualStudioVersion = 15.0.26124.0
MinimumVisualStudioVersion = 15.0.26124.0
Project("{FAE04EC0-301F-11D3-BF4B-00C04F79EFBC}") = "CassandraQueryBuilder", "src\CassandraQueryBuilder\CassandraQueryBuilder.csproj", "{B47F6420-D1BA-4118-903F-0CF493648800}"
EndProject
Project("{2150E333-8FDC-42A3-9474-1A3956D46DE8}") = "tests", "tests", "{F17800B4-1640-4737-B6E3-B5E4F0A48302}"
EndProject
Project("{FAE04EC0-301F-11D3-BF4B-00C04F79EFBC}") = "CassandraQueryBuilder.Tests.UT", "tests\CassandraQueryBuilder.Tests.UT\CassandraQueryBuilder.Tests.UT.csproj", "{01CE12BD-299C-4641-8B30-53DAB3C202AB}"
EndProject
Global
	GlobalSection(SolutionConfigurationPlatforms) = preSolution
		Debug|Any CPU = Debug|Any CPU
		Debug|x64 = Debug|x64
		Debug|x86 = Debug|x86
		Release|Any CPU = Release|Any CPU
		Release|x64 = Release|x64
		Release|x86 = Release|x86
	EndGlobalSection
	GlobalSection(SolutionProperties) = preSolution
		HideSolutionNode = FALSE
	EndGlobalSection
	GlobalSection(ProjectConfigurationPlatforms) = postSolution
		{B47F6420-D1BA-4118-903F-0CF493648800}.Debug|Any CPU.ActiveCfg = Debug|Any CPU
		{B47F6420-D1BA-4118-903F-0CF493648800}.Debug|Any CPU.Build.0 = Debug|Any CPU
		{B47F6420-D1BA-4118-903F-0CF493648800}.Debug|x64.ActiveCfg = Debug|Any CPU
		{B47F6420-D1BA-4118-903F-0CF493648800}.Debug|x64.Build.0 = Debug|Any CPU
		{B47F6420-D1BA-4118-903F-0CF493648800}.Debug|x86.ActiveCfg = Debug|Any CPU
		{B47F6420-D1BA-4118-903F-0CF493648800}.Debug|x86.Build.0 = Debug|Any CPU
		{B47F6420-D1BA-4118-903F-0CF493648800}.Release|Any CPU.ActiveCfg = Release|Any CPU
		{B47F6420-D1BA-4118-903F-0CF493648800}.Release|Any CPU.Build.0 = Release|Any CPU
		{B47F6420-D1BA-4118-903F-0CF493648800}.Release|x64.ActiveCfg = Release|Any CPU
		{B47F6420-D1BA-4118-903F-0CF493648800}.Release|x64.Build.0 = Release|Any CPU
		{B47F6420-D1BA-4118-903F-0CF493648800}.Release|x86.ActiveCfg = Release|Any CPU
		{B47F6420-D1BA-4118-903F-0CF493648800}.Release|x86.Build.0 = Release|Any CPU
		{01CE12BD-299C-4641-8B30-53DAB3C202AB}.Debug|Any CPU.ActiveCfg = Debug|Any CPU
		{01CE12BD-299C-4641-8B30-53DAB3C202AB}.Debug|Any CPU.Build.0 = Debug|Any CPU
		{01CE12BD-299C-4641-8B30-53DAB3C202AB}.Debug|x64.ActiveCfg = Debug|Any CPU
		{01CE12BD-299C-4641-8B30-53DAB3C202AB}.Debug|x64.Build.0 = Debug|Any CPU
		{01CE12BD-299C-4641-8B30-53DAB3C202AB}.Debug|x86.ActiveCfg = Debug|Any CPU
		{01CE12BD-299C-4641-8B30-53DAB3C202AB}.Debug|x86.Build.0 = Debug|Any CPU
		{01CE12BD-299C-4641-8B30-53DAB3C202AB}.Release|Any CPU.ActiveCfg = Release|Any CPU
		{01CE12BD-299C-4641-8B30-53DAB3C202AB}.Release|Any CPU.Build.0 = Release|Any CPU
		{01CE12BD-299C-4641-8B30-53DAB3C202AB}.Release|x64.ActiveCfg = Release|Any CPU
		{01CE12BD-299C-4641-8B30-53DAB3C202AB}.Release|x64.Build.0 = Release|Any CPU
		{01CE12BD-299C-4641-8B30-53DAB3C202AB}.Release|x86.ActiveCfg = Release|Any CPU
		{01CE12BD-299C-4641-8B30-53DAB3C202AB}.Release|x86.Build.0 = Release|Any CPU
	EndGlobalSection
	GlobalSection(NestedProjects) = preSolution
		{01CE12BD-299C-4641-8B30-53DAB3C202AB} = {F17800B4-1640-4737-B6E3-B5E4F0A48302}
	EndGlobalSection
EndGlobal
